{
  "name": "gmp-benchmark",
  "version": "1.0.0",
  "lockfileVersion": 2,
  "requires": true,
  "packages": {
    "": {
      "name": "gmp-benchmark",
      "version": "1.0.0",
      "license": "LGPL-3.0-only",
      "dependencies": {
        "big-integer": "^1.6.51",
        "big.js": "^6.1.1",
        "decimal.js": "^10.3.1",
        "gmp-wasm": "^1.1.0",
        "mpzjs": "^0.7.1",
        "pi-decimals": "^2.0.3"
      }
    },
    "node_modules/big-integer": {
      "version": "1.6.51",
      "resolved": "https://registry.npmjs.org/big-integer/-/big-integer-1.6.51.tgz",
      "integrity": "sha512-GPEid2Y9QU1Exl1rpO9B2IPJGHPSupF5GnVIP0blYvNOMer2bTvSWs1jGOUg04hTmu67nmLsQ9TBo1puaotBHg==",
      "engines": {
        "node": ">=0.6"
      }
    },
    "node_modules/big.js": {
      "version": "6.1.1",
      "resolved": "https://registry.npmjs.org/big.js/-/big.js-6.1.1.tgz",
      "integrity": "sha512-1vObw81a8ylZO5ePrtMay0n018TcftpTA5HFKDaSuiUDBo8biRBtjIobw60OpwuvrGk+FsxKamqN4cnmj/eXdg==",
      "engines": {
        "node": "*"
      },
      "funding": {
        "type": "opencollective",
        "url": "https://opencollective.com/bigjs"
      }
    },
    "node_modules/decimal.js": {
      "version": "10.3.1",
      "resolved": "https://registry.npmjs.org/decimal.js/-/decimal.js-10.3.1.tgz",
      "integrity": "sha512-V0pfhfr8suzyPGOx3nmq4aHqabehUZn6Ch9kyFpV79TGDTWFmHqUqXdabR7QHqxzrYolF4+tVmJhUG4OURg5dQ=="
    },
    "node_modules/gmp-wasm": {
      "version": "1.1.0",
      "resolved": "https://registry.npmjs.org/gmp-wasm/-/gmp-wasm-1.1.0.tgz",
      "integrity": "sha512-i1/KSU5BBGdI9ARueCqDZIQnzINh3SUGSx+3G2tqDWc/PuD2yFTw/6cb6KkVPSGaMFKYzSq5dRH60WGPA17k1w=="
    },
    "node_modules/mpzjs": {
      "version": "0.7.1",
      "resolved": "https://registry.npmjs.org/mpzjs/-/mpzjs-0.7.1.tgz",
      "integrity": "sha512-psk/jbxNLz3t4RC3+GXqZEYLpmJBPKNXLxyJpX6XOAHuLwP0hgYiwCV9M/VGO0lY3Td0wIb6O9jGFEZ4PwBZrA==",
      "hasInstallScript": true,
      "dependencies": {
        "node-addon-api": "^3.0.0",
        "node-gyp-build": "^4.2.0"
      },
      "engines": {
        "node": ">=14.0"
      }
    },
    "node_modules/node-addon-api": {
      "version": "3.2.1",
      "resolved": "https://registry.npmjs.org/node-addon-api/-/node-addon-api-3.2.1.tgz",
      "integrity": "sha512-mmcei9JghVNDYydghQmeDX8KoAm0FAiYyIcUt/N4nhyAipB17pllZQDOJD2fotxABnt4Mdz+dKTO7eftLg4d0A=="
    },
    "node_modules/node-gyp-build": {
      "version": "4.4.0",
      "resolved": "https://registry.npmjs.org/node-gyp-build/-/node-gyp-build-4.4.0.tgz",
      "integrity": "sha512-amJnQCcgtRVw9SvoebO3BKGESClrfXGCUTX9hSn1OuGQTQBOZmVd0Z0OlecpuRksKvbsUqALE8jls/ErClAPuQ==",
      "bin": {
        "node-gyp-build": "bin.js",
        "node-gyp-build-optional": "optional.js",
        "node-gyp-build-test": "build-test.js"
      }
    },
    "node_modules/pi-decimals": {
      "version": "2.0.3",
      "resolved": "https://registry.npmjs.org/pi-decimals/-/pi-decimals-2.0.3.tgz",
      "integrity": "sha512-2IP4BhJvadut9hUIhOEi/yQSB1MJ7Sj6fhsZsELmCWEWuh7548igVMKKJm1fAuha+EbLTl1l/1R14ayMCxNRRA==",
      "hasInstallScript": true
    }
  },
  "dependencies": {
    "big-integer": {
      "version": "1.6.51",
      "resolved": "https://registry.npmjs.org/big-integer/-/big-integer-1.6.51.tgz",
      "integrity": "sha512-GPEid2Y9QU1Exl1rpO9B2IPJGHPSupF5GnVIP0blYvNOMer2bTvSWs1jGOUg04hTmu67nmLsQ9TBo1puaotBHg=="
    },
    "big.js": {
      "version": "6.1.1",
      "resolved": "https://registry.npmjs.org/big.js/-/big.js-6.1.1.tgz",
      "integrity": "sha512-1vObw81a8ylZO5ePrtMay0n018TcftpTA5HFKDaSuiUDBo8biRBtjIobw60OpwuvrGk+FsxKamqN4cnmj/eXdg=="
    },
    "decimal.js": {
      "version": "10.3.1",
      "resolved": "https://registry.npmjs.org/decimal.js/-/decimal.js-10.3.1.tgz",
      "integrity": "sha512-V0pfhfr8suzyPGOx3nmq4aHqabehUZn6Ch9kyFpV79TGDTWFmHqUqXdabR7QHqxzrYolF4+tVmJhUG4OURg5dQ=="
    },
    "gmp-wasm": {
      "version": "1.1.0",
      "resolved": "https://registry.npmjs.org/gmp-wasm/-/gmp-wasm-1.1.0.tgz",
      "integrity": "sha512-i1/KSU5BBGdI9ARueCqDZIQnzINh3SUGSx+3G2tqDWc/PuD2yFTw/6cb6KkVPSGaMFKYzSq5dRH60WGPA17k1w=="
    },
    "mpzjs": {
      "version": "0.7.1",
      "resolved": "https://registry.npmjs.org/mpzjs/-/mpzjs-0.7.1.tgz",
      "integrity": "sha512-psk/jbxNLz3t4RC3+GXqZEYLpmJBPKNXLxyJpX6XOAHuLwP0hgYiwCV9M/VGO0lY3Td0wIb6O9jGFEZ4PwBZrA==",
      "requires": {
        "node-addon-api": "^3.0.0",
        "node-gyp-build": "^4.2.0"
      }
    },
    "node-addon-api": {
      "version": "3.2.1",
      "resolved": "https://registry.npmjs.org/node-addon-api/-/node-addon-api-3.2.1.tgz",
      "integrity": "sha512-mmcei9JghVNDYydghQmeDX8KoAm0FAiYyIcUt/N4nhyAipB17pllZQDOJD2fotxABnt4Mdz+dKTO7eftLg4d0A=="
    },
    "node-gyp-build": {
      "version": "4.4.0",
      "resolved": "https://registry.npmjs.org/node-gyp-build/-/node-gyp-build-4.4.0.tgz",
      "integrity": "sha512-amJnQCcgtRVw9SvoebO3BKGESClrfXGCUTX9hSn1OuGQTQBOZmVd0Z0OlecpuRksKvbsUqALE8jls/ErClAPuQ=="
    },
    "pi-decimals": {
      "version": "2.0.3",
      "resolved": "https://registry.npmjs.org/pi-decimals/-/pi-decimals-2.0.3.tgz",
      "integrity": "sha512-2IP4BhJvadut9hUIhOEi/yQSB1MJ7Sj6fhsZsELmCWEWuh7548igVMKKJm1fAuha+EbLTl1l/1R14ayMCxNRRA=="
    }
  }
}
